
Microsoft Visual Studio Solution File, Format Version 12.00
# Visual Studio Version 17
VisualStudioVersion = 17.8.34330.188
MinimumVisualStudioVersion = 10.0.40219.1
Project("{FAE04EC0-301F-11D3-BF4B-00C04F79EFBC}") = "ClassMetotDemo", "ClassMetotDemo\ClassMetotDemo.csproj", "{10B71760-940D-4643-87C5-80D610E85024}"
EndProject
Global
	GlobalSection(SolutionConfigurationPlatforms) = preSolution
		Debug|Any CPU = Debug|Any CPU
		Release|Any CPU = Release|Any CPU
	EndGlobalSection
	GlobalSection(ProjectConfigurationPlatforms) = postSolution
		{10B71760-940D-4643-87C5-80D610E85024}.Debug|Any CPU.ActiveCfg = Debug|Any CPU
		{10B71760-940D-4643-87C5-80D610E85024}.Debug|Any CPU.Build.0 = Debug|Any CPU
		{10B71760-940D-4643-87C5-80D610E85024}.Release|Any CPU.ActiveCfg = Release|Any CPU
		{10B71760-940D-4643-87C5-80D610E85024}.Release|Any CPU.Build.0 = Release|Any CPU
	EndGlobalSection
	GlobalSection(SolutionProperties) = preSolution
		HideSolutionNode = FALSE
	EndGlobalSection
	GlobalSection(ExtensibilityGlobals) = postSolution
		SolutionGuid = {E8839E6A-6E62-4081-BDF1-3C46304AD1CF}
	EndGlobalSection
EndGlobal
